
Microsoft Visual Studio Solution File, Format Version 12.00
# Visual Studio Version 17
VisualStudioVersion = 17.3.32825.248
MinimumVisualStudioVersion = 10.0.40219.1
Project("{FAE04EC0-301F-11D3-BF4B-00C04F79EFBC}") = "mycoreapp", "mycoreapp\mycoreapp.csproj", "{8F7D2EB2-3BA3-41F5-83DE-294452C349BB}"
EndProject
Global
	GlobalSection(SolutionConfigurationPlatforms) = preSolution
		Debug|Any CPU = Debug|Any CPU
		Release|Any CPU = Release|Any CPU
	EndGlobalSection
	GlobalSection(ProjectConfigurationPlatforms) = postSolution
		{8F7D2EB2-3BA3-41F5-83DE-294452C349BB}.Debug|Any CPU.ActiveCfg = Debug|Any CPU
		{8F7D2EB2-3BA3-41F5-83DE-294452C349BB}.Debug|Any CPU.Build.0 = Debug|Any CPU
		{8F7D2EB2-3BA3-41F5-83DE-294452C349BB}.Release|Any CPU.ActiveCfg = Release|Any CPU
		{8F7D2EB2-3BA3-41F5-83DE-294452C349BB}.Release|Any CPU.Build.0 = Release|Any CPU
	EndGlobalSection
	GlobalSection(SolutionProperties) = preSolution
		HideSolutionNode = FALSE
	EndGlobalSection
	GlobalSection(ExtensibilityGlobals) = postSolution
		SolutionGuid = {F8B01C5C-BA77-4D39-BE06-DAABFEF0E257}
	EndGlobalSection
EndGlobal
